
Microsoft Visual Studio Solution File, Format Version 12.00
# Visual Studio Version 17
VisualStudioVersion = 17.13.35828.75 d17.13
MinimumVisualStudioVersion = 10.0.40219.1
Project("{FAE04EC0-301F-11D3-BF4B-00C04F79EFBC}") = "BlazorClient", "BlazorClient.csproj", "{AD048205-BF8E-4CA5-BF3D-04A723A54BF0}"
EndProject
Global
	GlobalSection(SolutionConfigurationPlatforms) = preSolution
		Debug|Any CPU = Debug|Any CPU
		Release|Any CPU = Release|Any CPU
	EndGlobalSection
	GlobalSection(ProjectConfigurationPlatforms) = postSolution
		{AD048205-BF8E-4CA5-BF3D-04A723A54BF0}.Debug|Any CPU.ActiveCfg = Debug|Any CPU
		{AD048205-BF8E-4CA5-BF3D-04A723A54BF0}.Debug|Any CPU.Build.0 = Debug|Any CPU
		{AD048205-BF8E-4CA5-BF3D-04A723A54BF0}.Release|Any CPU.ActiveCfg = Release|Any CPU
		{AD048205-BF8E-4CA5-BF3D-04A723A54BF0}.Release|Any CPU.Build.0 = Release|Any CPU
	EndGlobalSection
	GlobalSection(SolutionProperties) = preSolution
		HideSolutionNode = FALSE
	EndGlobalSection
	GlobalSection(ExtensibilityGlobals) = postSolution
		SolutionGuid = {115E3A0F-958E-4024-A563-53803E09D296}
	EndGlobalSection
EndGlobal
