
Microsoft Visual Studio Solution File, Format Version 12.00
# Visual Studio Version 17
VisualStudioVersion = 17.0.31903.59
MinimumVisualStudioVersion = 10.0.40219.1
Project("{FAE04EC0-301F-11D3-BF4B-00C04F79EFBC}") = "SharedLibrary", "SharedLibrary\SharedLibrary.csproj", "{E4D50199-E89C-4EEF-8C51-BF925CEBA67D}"
EndProject
Project("{FAE04EC0-301F-11D3-BF4B-00C04F79EFBC}") = "WebAPI", "WebAPI\WebAPI.csproj", "{BCD25DCB-5688-4748-8778-5809406CAB24}"
EndProject
Global
	GlobalSection(SolutionConfigurationPlatforms) = preSolution
		Debug|Any CPU = Debug|Any CPU
		Debug|x64 = Debug|x64
		Debug|x86 = Debug|x86
		Release|Any CPU = Release|Any CPU
		Release|x64 = Release|x64
		Release|x86 = Release|x86
	EndGlobalSection
	GlobalSection(ProjectConfigurationPlatforms) = postSolution
		{E4D50199-E89C-4EEF-8C51-BF925CEBA67D}.Debug|Any CPU.ActiveCfg = Debug|Any CPU
		{E4D50199-E89C-4EEF-8C51-BF925CEBA67D}.Debug|Any CPU.Build.0 = Debug|Any CPU
		{E4D50199-E89C-4EEF-8C51-BF925CEBA67D}.Debug|x64.ActiveCfg = Debug|Any CPU
		{E4D50199-E89C-4EEF-8C51-BF925CEBA67D}.Debug|x64.Build.0 = Debug|Any CPU
		{E4D50199-E89C-4EEF-8C51-BF925CEBA67D}.Debug|x86.ActiveCfg = Debug|Any CPU
		{E4D50199-E89C-4EEF-8C51-BF925CEBA67D}.Debug|x86.Build.0 = Debug|Any CPU
		{E4D50199-E89C-4EEF-8C51-BF925CEBA67D}.Release|Any CPU.ActiveCfg = Release|Any CPU
		{E4D50199-E89C-4EEF-8C51-BF925CEBA67D}.Release|Any CPU.Build.0 = Release|Any CPU
		{E4D50199-E89C-4EEF-8C51-BF925CEBA67D}.Release|x64.ActiveCfg = Release|Any CPU
		{E4D50199-E89C-4EEF-8C51-BF925CEBA67D}.Release|x64.Build.0 = Release|Any CPU
		{E4D50199-E89C-4EEF-8C51-BF925CEBA67D}.Release|x86.ActiveCfg = Release|Any CPU
		{E4D50199-E89C-4EEF-8C51-BF925CEBA67D}.Release|x86.Build.0 = Release|Any CPU
		{BCD25DCB-5688-4748-8778-5809406CAB24}.Debug|Any CPU.ActiveCfg = Debug|Any CPU
		{BCD25DCB-5688-4748-8778-5809406CAB24}.Debug|Any CPU.Build.0 = Debug|Any CPU
		{BCD25DCB-5688-4748-8778-5809406CAB24}.Debug|x64.ActiveCfg = Debug|Any CPU
		{BCD25DCB-5688-4748-8778-5809406CAB24}.Debug|x64.Build.0 = Debug|Any CPU
		{BCD25DCB-5688-4748-8778-5809406CAB24}.Debug|x86.ActiveCfg = Debug|Any CPU
		{BCD25DCB-5688-4748-8778-5809406CAB24}.Debug|x86.Build.0 = Debug|Any CPU
		{BCD25DCB-5688-4748-8778-5809406CAB24}.Release|Any CPU.ActiveCfg = Release|Any CPU
		{BCD25DCB-5688-4748-8778-5809406CAB24}.Release|Any CPU.Build.0 = Release|Any CPU
		{BCD25DCB-5688-4748-8778-5809406CAB24}.Release|x64.ActiveCfg = Release|Any CPU
		{BCD25DCB-5688-4748-8778-5809406CAB24}.Release|x64.Build.0 = Release|Any CPU
		{BCD25DCB-5688-4748-8778-5809406CAB24}.Release|x86.ActiveCfg = Release|Any CPU
		{BCD25DCB-5688-4748-8778-5809406CAB24}.Release|x86.Build.0 = Release|Any CPU
	EndGlobalSection
	GlobalSection(SolutionProperties) = preSolution
		HideSolutionNode = FALSE
	EndGlobalSection
EndGlobal
